// !$*UTF8*$!
{
	archiveVersion = 1;
	classes = {
	};
	objectVersion = 46;
	objects = {

/* Begin PBXBuildFile section */
		EEEE0C961F32D4280076B25B /* AppDelegate.swift in Sources */ = {isa = PBXBuildFile; fileRef = EEEE0C951F32D4280076B25B /* AppDelegate.swift */; };
		EEEE0C981F32D4280076B25B /* ViewController.swift in Sources */ = {isa = PBXBuildFile; fileRef = EEEE0C971F32D4280076B25B /* ViewController.swift */; };
		EEEE0C9B1F32D4280076B25B /* Main.storyboard in Resources */ = {isa = PBXBuildFile; fileRef = EEEE0C991F32D4280076B25B /* Main.storyboard */; };
		EEEE0C9D1F32D4280076B25B /* Assets.xcassets in Resources */ = {isa = PBXBuildFile; fileRef = EEEE0C9C1F32D4280076B25B /* Assets.xcassets */; };
		EEEE0CA01F32D4280076B25B /* LaunchScreen.storyboard in Resources */ = {isa = PBXBuildFile; fileRef = EEEE0C9E1F32D4280076B25B /* LaunchScreen.storyboard */; };
		EEEE0CA81F32DA600076B25B /* SettingsViewController.swift in Sources */ = {isa = PBXBuildFile; fileRef = EEEE0CA71F32DA600076B25B /* SettingsViewController.swift */; };
		EEEE0CAA1F3406C80076B25B /* Nunito-ExtraBold.ttf in Resources */ = {isa = PBXBuildFile; fileRef = EEEE0CA91F3406C80076B25B /* Nunito-ExtraBold.ttf */; };
		EEEE0CAC1F3406D90076B25B /* Nunito-Bold.ttf in Resources */ = {isa = PBXBuildFile; fileRef = EEEE0CAB1F3406D90076B25B /* Nunito-Bold.ttf */; };
/* End PBXBuildFile section */

/* Begin PBXFileReference section */
		EEEE0C921F32D4280076B25B /* Tiply.app */ = {isa = PBXFileReference; explicitFileType = wrapper.application; includeInIndex = 0; path = Tiply.app; sourceTree = BUILT_PRODUCTS_DIR; };
		EEEE0C951F32D4280076B25B /* AppDelegate.swift */ = {isa = PBXFileReference; lastKnownFileType = sourcecode.swift; path = AppDelegate.swift; sourceTree = "<group>"; };
		EEEE0C971F32D4280076B25B /* ViewController.swift */ = {isa = PBXFileReference; lastKnownFileType = sourcecode.swift; path = ViewController.swift; sourceTree = "<group>"; };
		EEEE0C9A1F32D4280076B25B /* Base */ = {isa = PBXFileReference; lastKnownFileType = file.storyboard; name = Base; path = Base.lproj/Main.storyboard; sourceTree = "<group>"; };
		EEEE0C9C1F32D4280076B25B /* Assets.xcassets */ = {isa = PBXFileReference; lastKnownFileType = folder.assetcatalog; path = Assets.xcassets; sourceTree = "<group>"; };
		EEEE0C9F1F32D4280076B25B /* Base */ = {isa = PBXFileReference; lastKnownFileType = file.storyboard; name = Base; path = Base.lproj/LaunchScreen.storyboard; sourceTree = "<group>"; };
		EEEE0CA11F32D4280076B25B /* Info.plist */ = {isa = PBXFileReference; lastKnownFileType = text.plist.xml; path = Info.plist; sourceTree = "<group>"; };
		EEEE0CA71F32DA600076B25B /* SettingsViewController.swift */ = {isa = PBXFileReference; fileEncoding = 4; lastKnownFileType = sourcecode.swift; path = SettingsViewController.swift; sourceTree = "<group>"; };
		EEEE0CA91F3406C80076B25B /* Nunito-ExtraBold.ttf */ = {isa = PBXFileReference; lastKnownFileType = file; path = "Nunito-ExtraBold.ttf"; sourceTree = "<group>"; };
		EEEE0CAB1F3406D90076B25B /* Nunito-Bold.ttf */ = {isa = PBXFileReference; lastKnownFileType = file; path = "Nunito-Bold.ttf"; sourceTree = "<group>"; };
/* End PBXFileReference section */

/* Begin PBXFrameworksBuildPhase section */
		EEEE0C8F1F32D4280076B25B /* Frameworks */ = {
			isa = PBXFrameworksBuildPhase;
			buildActionMask = 2147483647;
			files = (
			);
			runOnlyForDeploymentPostprocessing = 0;
		};
/* End PBXFrameworksBuildPhase section */

/* Begin PBXGroup section */
		EEEE0C891F32D4280076B25B = {
			isa = PBXGroup;
			children = (
				EEEE0C941F32D4280076B25B /* Tiply */,
				EEEE0C931F32D4280076B25B /* Products */,
			);
			sourceTree = "<group>";
		};
		EEEE0C931F32D4280076B25B /* Products */ = {
			isa = PBXGroup;
			children = (
				EEEE0C921F32D4280076B25B /* Tiply.app */,
			);
			name = Products;
			sourceTree = "<group>";
		};
		EEEE0C941F32D4280076B25B /* Tiply */ = {
			isa = PBXGroup;
			children = (
				EEEE0CA91F3406C80076B25B /* Nunito-ExtraBold.ttf */,
				EEEE0CAB1F3406D90076B25B /* Nunito-Bold.ttf */,
				EEEE0C951F32D4280076B25B /* AppDelegate.swift */,
				EEEE0C971F32D4280076B25B /* ViewController.swift */,
				EEEE0C991F32D4280076B25B /* Main.storyboard */,
				EEEE0CA71F32DA600076B25B /* SettingsViewController.swift */,
				EEEE0C9C1F32D4280076B25B /* Assets.xcassets */,
				EEEE0C9E1F32D4280076B25B /* LaunchScreen.storyboard */,
				EEEE0CA11F32D4280076B25B /* Info.plist */,
			);
			path = Tiply;
			sourceTree = "<group>";
		};
/* End PBXGroup section */

/* Begin PBXNativeTarget section */
		EEEE0C911F32D4280076B25B /* Tiply */ = {
			isa = PBXNativeTarget;
			buildConfigurationList = EEEE0CA41F32D4280076B25B /* Build configuration list for PBXNativeTarget "Tiply" */;
			buildPhases = (
				EEEE0C8E1F32D4280076B25B /* Sources */,
				EEEE0C8F1F32D4280076B25B /* Frameworks */,
				EEEE0C901F32D4280076B25B /* Resources */,
			);
			buildRules = (
			);
			dependencies = (
			);
			name = Tiply;
			productName = Tiply;
			productReference = EEEE0C921F32D4280076B25B /* Tiply.app */;
			productType = "com.apple.product-type.application";
		};
/* End PBXNativeTarget section */

/* Begin PBXProject section */
		EEEE0C8A1F32D4280076B25B /* Project object */ = {
			isa = PBXProject;
			attributes = {
				LastSwiftUpdateCheck = 0830;
				LastUpgradeCheck = 0830;
				ORGANIZATIONNAME = "Luther Banner III";
				TargetAttributes = {
					EEEE0C911F32D4280076B25B = {
						CreatedOnToolsVersion = 8.3.3;
						DevelopmentTeam = 764A66HKGD;
						ProvisioningStyle = Automatic;
					};
				};
			};
			buildConfigurationList = EEEE0C8D1F32D4280076B25B /* Build configuration list for PBXProject "Tiply" */;
			compatibilityVersion = "Xcode 3.2";
			developmentRegion = English;
			hasScannedForEncodings = 0;
			knownRegions = (
				en,
				Base,
			);
			mainGroup = EEEE0C891F32D4280076B25B;
			productRefGroup = EEEE0C931F32D4280076B25B /* Products */;
			projectDirPath = "";
			projectRoot = "";
			targets = (
				EEEE0C911F32D4280076B25B /* Tiply */,
			);
		};
/* End PBXProject section */

/* Begin PBXResourcesBuildPhase section */
		EEEE0C901F32D4280076B25B /* Resources */ = {
			isa = PBXResourcesBuildPhase;
			buildActionMask = 2147483647;
			files = (
				EEEE0CA01F32D4280076B25B /* LaunchScreen.storyboard in Resources */,
				EEEE0CAC1F3406D90076B25B /* Nunito-Bold.ttf in Resources */,
				EEEE0C9D1F32D4280076B25B /* Assets.xcassets in Resources */,
				EEEE0C9B1F32D4280076B25B /* Main.storyboard in Resources */,
				EEEE0CAA1F3406C80076B25B /* Nunito-ExtraBold.ttf in Resources */,
			);
			runOnlyForDeploymentPostprocessing = 0;
		};
/* End PBXResourcesBuildPhase section */

/* Begin PBXSourcesBuildPhase section */
		EEEE0C8E1F32D4280076B25B /* Sources */ = {
			isa = PBXSourcesBuildPhase;
			buildActionMask = 2147483647;
			files = (
				EEEE0C981F32D4280076B25B /* ViewController.swift in Sources */,
				EEEE0C961F32D4280076B25B /* AppDelegate.swift in Sources */,
				EEEE0CA81F32DA600076B25B /* SettingsViewController.swift in Sources */,
			);
			runOnlyForDeploymentPostprocessing = 0;
		};
/* End PBXSourcesBuildPhase section */

/* Begin PBXVariantGroup section */
		EEEE0C991F32D4280076B25B /* Main.storyboard */ = {
			isa = PBXVariantGroup;
			children = (
				EEEE0C9A1F32D4280076B25B /* Base */,
			);
			name = Main.storyboard;
			sourceTree = "<group>";
		};
		EEEE0C9E1F32D4280076B25B /* LaunchScreen.storyboard */ = {
			isa = PBXVariantGroup;
			children = (
				EEEE0C9F1F32D4280076B25B /* Base */,
			);
			name = LaunchScreen.storyboard;
			sourceTree = "<group>";
		};
/* End PBXVariantGroup section */

/* Begin XCBuildConfiguration section */
		EEEE0CA21F32D4280076B25B /* Debug */ = {
			isa = XCBuildConfiguration;
			buildSettings = {
				ALWAYS_SEARCH_USER_PATHS = NO;
				CLANG_ANALYZER_NONNULL = YES;
				CLANG_ANALYZER_NUMBER_OBJECT_CONVERSION = YES_AGGRESSIVE;
				CLANG_CXX_LANGUAGE_STANDARD = "gnu++0x";
				CLANG_CXX_LIBRARY = "libc++";
				CLANG_ENABLE_MODULES = YES;
				CLANG_ENABLE_OBJC_ARC = YES;
				CLANG_WARN_BOOL_CONVERSION = YES;
				CLANG_WARN_CONSTANT_CONVERSION = YES;
				CLANG_WARN_DIRECT_OBJC_ISA_USAGE = YES_ERROR;
				CLANG_WARN_DOCUMENTATION_COMMENTS = YES;
				CLANG_WARN_EMPTY_BODY = YES;
				CLANG_WARN_ENUM_CONVERSION = YES;
				CLANG_WARN_INFINITE_RECURSION = YES;
				CLANG_WARN_INT_CONVERSION = YES;
				CLANG_WARN_OBJC_ROOT_CLASS = YES_ERROR;
				CLANG_WARN_SUSPICIOUS_MOVE = YES;
				CLANG_WARN_UNREACHABLE_CODE = YES;
				CLANG_WARN__DUPLICATE_METHOD_MATCH = YES;
				"CODE_SIGN_IDENTITY[sdk=iphoneos*]" = "iPhone Developer";
				COPY_PHASE_STRIP = NO;
				DEBUG_INFORMATION_FORMAT = dwarf;
				ENABLE_STRICT_OBJC_MSGSEND = YES;
				ENABLE_TESTABILITY = YES;
				GCC_C_LANGUAGE_STANDARD = gnu99;
				GCC_DYNAMIC_NO_PIC = NO;
				GCC_NO_COMMON_BLOCKS = YES;
				GCC_OPTIMIZATION_LEVEL = 0;
				GCC_PREPROCESSOR_DEFINITIONS = (
					"DEBUG=1",
					"$(inherited)",
				);
				GCC_WARN_64_TO_32_BIT_CONVERSION = YES;
				GCC_WARN_ABOUT_RETURN_TYPE = YES_ERROR;
				GCC_WARN_UNDECLARED_SELECTOR = YES;
				GCC_WARN_UNINITIALIZED_AUTOS = YES_AGGRESSIVE;
				GCC_WARN_UNUSED_FUNCTION = YES;
				GCC_WARN_UNUSED_VARIABLE = YES;
				IPHONEOS_DEPLOYMENT_TARGET = 10.3;
				MTL_ENABLE_DEBUG_INFO = YES;
				ONLY_ACTIVE_ARCH = YES;
				SDKROOT = iphoneos;
				SWIFT_ACTIVE_COMPILATION_CONDITIONS = DEBUG;
				SWIFT_OPTIMIZATION_LEVEL = "-Onone";
				TARGETED_DEVICE_FAMILY = "1,2";
			};
			name = Debug;
		};
		EEEE0CA31F32D4280076B25B /* Release */ = {
			isa = XCBuildConfiguration;
			buildSettings = {
				ALWAYS_SEARCH_USER_PATHS = NO;
				CLANG_ANALYZER_NONNULL = YES;
				CLANG_ANALYZER_NUMBER_OBJECT_CONVERSION = YES_AGGRESSIVE;
				CLANG_CXX_LANGUAGE_STANDARD = "gnu++0x";
				CLANG_CXX_LIBRARY = "libc++";
				CLANG_ENABLE_MODULES = YES;
				CLANG_ENABLE_OBJC_ARC = YES;
				CLANG_WARN_BOOL_CONVERSION = YES;
				CLANG_WARN_CONSTANT_CONVERSION = YES;
				CLANG_WARN_DIRECT_OBJC_ISA_USAGE = YES_ERROR;
				CLANG_WARN_DOCUMENTATION_COMMENTS = YES;
				CLANG_WARN_EMPTY_BODY = YES;
				CLANG_WARN_ENUM_CONVERSION = YES;
				CLANG_WARN_INFINITE_RECURSION = YES;
				CLANG_WARN_INT_CONVERSION = YES;
				CLANG_WARN_OBJC_ROOT_CLASS = YES_ERROR;
				CLANG_WARN_SUSPICIOUS_MOVE = YES;
				CLANG_WARN_UNREACHABLE_CODE = YES;
				CLANG_WARN__DUPLICATE_METHOD_MATCH = YES;
				"CODE_SIGN_IDENTITY[sdk=iphoneos*]" = "iPhone Developer";
				COPY_PHASE_STRIP = NO;
				DEBUG_INFORMATION_FORMAT = "dwarf-with-dsym";
				ENABLE_NS_ASSERTIONS = NO;
				ENABLE_STRICT_OBJC_MSGSEND = YES;
				GCC_C_LANGUAGE_STANDARD = gnu99;
				GCC_NO_COMMON_BLOCKS = YES;
				GCC_WARN_64_TO_32_BIT_CONVERSION = YES;
				GCC_WARN_ABOUT_RETURN_TYPE = YES_ERROR;
				GCC_WARN_UNDECLARED_SELECTOR = YES;
				GCC_WARN_UNINITIALIZED_AUTOS = YES_AGGRESSIVE;
				GCC_WARN_UNUSED_FUNCTION = YES;
				GCC_WARN_UNUSED_VARIABLE = YES;
				IPHONEOS_DEPLOYMENT_TARGET = 10.3;
				MTL_ENABLE_DEBUG_INFO = NO;
				SDKROOT = iphoneos;
				SWIFT_OPTIMIZATION_LEVEL = "-Owholemodule";
				TARGETED_DEVICE_FAMILY = "1,2";
				VALIDATE_PRODUCT = YES;
			};
			name = Release;
		};
		EEEE0CA51F32D4280076B25B /* Debug */ = {
			isa = XCBuildConfiguration;
			buildSettings = {
				ASSETCATALOG_COMPILER_APPICON_NAME = AppIcon;
				DEVELOPMENT_TEAM = 764A66HKGD;
				INFOPLIST_FILE = Tiply/Info.plist;
				LD_RUNPATH_SEARCH_PATHS = "$(inherited) @executable_path/Frameworks";
				PRODUCT_BUNDLE_IDENTIFIER = Louieb.Tiply;
				PRODUCT_NAME = "$(TARGET_NAME)";
				SWIFT_VERSION = 3.0;
			};
			name = Debug;
		};
		EEEE0CA61F32D4280076B25B /* Release */ = {
			isa = XCBuildConfiguration;
			buildSettings = {
				ASSETCATALOG_COMPILER_APPICON_NAME = AppIcon;
				DEVELOPMENT_TEAM = 764A66HKGD;
				INFOPLIST_FILE = Tiply/Info.plist;
				LD_RUNPATH_SEARCH_PATHS = "$(inherited) @executable_path/Frameworks";
				PRODUCT_BUNDLE_IDENTIFIER = Louieb.Tiply;
				PRODUCT_NAME = "$(TARGET_NAME)";
				SWIFT_VERSION = 3.0;
			};
			name = Release;
		};
/* End XCBuildConfiguration section */

/* Begin XCConfigurationList section */
		EEEE0C8D1F32D4280076B25B /* Build configuration list for PBXProject "Tiply" */ = {
			isa = XCConfigurationList;
			buildConfigurations = (
				EEEE0CA21F32D4280076B25B /* Debug */,
				EEEE0CA31F32D4280076B25B /* Release */,
			);
			defaultConfigurationIsVisible = 0;
			defaultConfigurationName = Release;
		};
		EEEE0CA41F32D4280076B25B /* Build configuration list for PBXNativeTarget "Tiply" */ = {
			isa = XCConfigurationList;
			buildConfigurations = (
				EEEE0CA51F32D4280076B25B /* Debug */,
				EEEE0CA61F32D4280076B25B /* Release */,
			);
			defaultConfigurationIsVisible = 0;
			defaultConfigurationName = Release;
		};
/* End XCConfigurationList section */
	};
	rootObject = EEEE0C8A1F32D4280076B25B /* Project object */;
}
